
Microsoft Visual Studio Solution File, Format Version 12.00
# Visual Studio Version 17
VisualStudioVersion = 17.2.32516.85
MinimumVisualStudioVersion = 10.0.40219.1
Project("{FAE04EC0-301F-11D3-BF4B-00C04F79EFBC}") = "Server", "Server\Server.csproj", "{02BC0C93-AACD-458B-83F7-AC3CE79873A8}"
EndProject
Project("{9A19103F-16F7-4668-BE54-9A1E7A4F7556}") = "ClassLibrary", "..\ClassLibrary\ClassLibrary.csproj", "{0B99A9BD-8A65-43C2-B7CD-426B8223DBC8}"
EndProject
Project("{FAE04EC0-301F-11D3-BF4B-00C04F79EFBC}") = "ConsoleApp1", "ConsoleApp1\ConsoleApp1.csproj", "{F9715F1A-37E1-4A81-8F31-5AFEA7FF0713}"
EndProject
Global
	GlobalSection(SolutionConfigurationPlatforms) = preSolution
		Debug|Any CPU = Debug|Any CPU
		Release|Any CPU = Release|Any CPU
	EndGlobalSection
	GlobalSection(ProjectConfigurationPlatforms) = postSolution
		{02BC0C93-AACD-458B-83F7-AC3CE79873A8}.Debug|Any CPU.ActiveCfg = Debug|Any CPU
		{02BC0C93-AACD-458B-83F7-AC3CE79873A8}.Debug|Any CPU.Build.0 = Debug|Any CPU
		{02BC0C93-AACD-458B-83F7-AC3CE79873A8}.Release|Any CPU.ActiveCfg = Release|Any CPU
		{02BC0C93-AACD-458B-83F7-AC3CE79873A8}.Release|Any CPU.Build.0 = Release|Any CPU
		{0B99A9BD-8A65-43C2-B7CD-426B8223DBC8}.Debug|Any CPU.ActiveCfg = Debug|Any CPU
		{0B99A9BD-8A65-43C2-B7CD-426B8223DBC8}.Debug|Any CPU.Build.0 = Debug|Any CPU
		{0B99A9BD-8A65-43C2-B7CD-426B8223DBC8}.Release|Any CPU.ActiveCfg = Release|Any CPU
		{0B99A9BD-8A65-43C2-B7CD-426B8223DBC8}.Release|Any CPU.Build.0 = Release|Any CPU
		{F9715F1A-37E1-4A81-8F31-5AFEA7FF0713}.Debug|Any CPU.ActiveCfg = Debug|Any CPU
		{F9715F1A-37E1-4A81-8F31-5AFEA7FF0713}.Debug|Any CPU.Build.0 = Debug|Any CPU
		{F9715F1A-37E1-4A81-8F31-5AFEA7FF0713}.Release|Any CPU.ActiveCfg = Release|Any CPU
		{F9715F1A-37E1-4A81-8F31-5AFEA7FF0713}.Release|Any CPU.Build.0 = Release|Any CPU
	EndGlobalSection
	GlobalSection(SolutionProperties) = preSolution
		HideSolutionNode = FALSE
	EndGlobalSection
	GlobalSection(ExtensibilityGlobals) = postSolution
		SolutionGuid = {C1307FEF-B5A1-42DD-B785-767FE697BD4F}
	EndGlobalSection
EndGlobal
